// !$*UTF8*$!
{
	archiveVersion = 1;
	classes = {
	};
	objectVersion = 50;
	objects = {

/* Begin PBXBuildFile section */
		01AF349321EA9B9B00AE0705 /* AppDelegate.swift in Sources */ = {isa = PBXBuildFile; fileRef = 01AF349221EA9B9B00AE0705 /* AppDelegate.swift */; };
		01AF349521EA9B9B00AE0705 /* ViewController.swift in Sources */ = {isa = PBXBuildFile; fileRef = 01AF349421EA9B9B00AE0705 /* ViewController.swift */; };
		01AF349821EA9B9B00AE0705 /* Main.storyboard in Resources */ = {isa = PBXBuildFile; fileRef = 01AF349621EA9B9B00AE0705 /* Main.storyboard */; };
		01AF349B21EA9B9B00AE0705 /* Portable_calculator.xcdatamodeld in Sources */ = {isa = PBXBuildFile; fileRef = 01AF349921EA9B9B00AE0705 /* Portable_calculator.xcdatamodeld */; };
		01AF349D21EA9B9C00AE0705 /* Assets.xcassets in Resources */ = {isa = PBXBuildFile; fileRef = 01AF349C21EA9B9C00AE0705 /* Assets.xcassets */; };
		01AF34A021EA9B9C00AE0705 /* LaunchScreen.storyboard in Resources */ = {isa = PBXBuildFile; fileRef = 01AF349E21EA9B9C00AE0705 /* LaunchScreen.storyboard */; };
		01AF34AB21EA9B9D00AE0705 /* Portable_calculatorTests.swift in Sources */ = {isa = PBXBuildFile; fileRef = 01AF34AA21EA9B9D00AE0705 /* Portable_calculatorTests.swift */; };
		01AF34B621EA9B9D00AE0705 /* Portable_calculatorUITests.swift in Sources */ = {isa = PBXBuildFile; fileRef = 01AF34B521EA9B9D00AE0705 /* Portable_calculatorUITests.swift */; };
		01AF34CC21EAA41100AE0705 /* Lato-Bold.ttf in Resources */ = {isa = PBXBuildFile; fileRef = 01AF34C921EAA41100AE0705 /* Lato-Bold.ttf */; };
		01AF34CD21EAA41100AE0705 /* Lato-Bold.ttf in Resources */ = {isa = PBXBuildFile; fileRef = 01AF34C921EAA41100AE0705 /* Lato-Bold.ttf */; };
		01AF34CE21EAA41100AE0705 /* Lato-Bold.ttf in Resources */ = {isa = PBXBuildFile; fileRef = 01AF34C921EAA41100AE0705 /* Lato-Bold.ttf */; };
		01AF34CF21EAA41100AE0705 /* Lato-Regular.ttf in Resources */ = {isa = PBXBuildFile; fileRef = 01AF34CA21EAA41100AE0705 /* Lato-Regular.ttf */; };
		01AF34D021EAA41100AE0705 /* Lato-Regular.ttf in Resources */ = {isa = PBXBuildFile; fileRef = 01AF34CA21EAA41100AE0705 /* Lato-Regular.ttf */; };
		01AF34D121EAA41100AE0705 /* Lato-Regular.ttf in Resources */ = {isa = PBXBuildFile; fileRef = 01AF34CA21EAA41100AE0705 /* Lato-Regular.ttf */; };
		01AF34D221EAA41100AE0705 /* Lato-Black.ttf in Resources */ = {isa = PBXBuildFile; fileRef = 01AF34CB21EAA41100AE0705 /* Lato-Black.ttf */; };
		01AF34D321EAA41100AE0705 /* Lato-Black.ttf in Resources */ = {isa = PBXBuildFile; fileRef = 01AF34CB21EAA41100AE0705 /* Lato-Black.ttf */; };
		01AF34D421EAA41100AE0705 /* Lato-Black.ttf in Resources */ = {isa = PBXBuildFile; fileRef = 01AF34CB21EAA41100AE0705 /* Lato-Black.ttf */; };
		01AF34DA21EAB78C00AE0705 /* CalculationService.swift in Sources */ = {isa = PBXBuildFile; fileRef = 01AF34D621EAB78C00AE0705 /* CalculationService.swift */; };
		01AF34DB21EAB78C00AE0705 /* ThousandSeparator.swift in Sources */ = {isa = PBXBuildFile; fileRef = 01AF34D721EAB78C00AE0705 /* ThousandSeparator.swift */; };
		01AF34DC21EAB78C00AE0705 /* Material Design.swift in Sources */ = {isa = PBXBuildFile; fileRef = 01AF34D821EAB78C00AE0705 /* Material Design.swift */; };
/* End PBXBuildFile section */

/* Begin PBXContainerItemProxy section */
		01AF34A721EA9B9D00AE0705 /* PBXContainerItemProxy */ = {
			isa = PBXContainerItemProxy;
			containerPortal = 01AF348721EA9B9B00AE0705 /* Project object */;
			proxyType = 1;
			remoteGlobalIDString = 01AF348E21EA9B9B00AE0705;
			remoteInfo = "Portable calculator";
		};
		01AF34B221EA9B9D00AE0705 /* PBXContainerItemProxy */ = {
			isa = PBXContainerItemProxy;
			containerPortal = 01AF348721EA9B9B00AE0705 /* Project object */;
			proxyType = 1;
			remoteGlobalIDString = 01AF348E21EA9B9B00AE0705;
			remoteInfo = "Portable calculator";
		};
/* End PBXContainerItemProxy section */

/* Begin PBXFileReference section */
		01AF348F21EA9B9B00AE0705 /* Portable calculator.app */ = {isa = PBXFileReference; explicitFileType = wrapper.application; includeInIndex = 0; path = "Portable calculator.app"; sourceTree = BUILT_PRODUCTS_DIR; };
		01AF349221EA9B9B00AE0705 /* AppDelegate.swift */ = {isa = PBXFileReference; lastKnownFileType = sourcecode.swift; path = AppDelegate.swift; sourceTree = "<group>"; };
		01AF349421EA9B9B00AE0705 /* ViewController.swift */ = {isa = PBXFileReference; lastKnownFileType = sourcecode.swift; path = ViewController.swift; sourceTree = "<group>"; };
		01AF349721EA9B9B00AE0705 /* Base */ = {isa = PBXFileReference; lastKnownFileType = file.storyboard; name = Base; path = Base.lproj/Main.storyboard; sourceTree = "<group>"; };
		01AF349A21EA9B9B00AE0705 /* Portable_calculator.xcdatamodel */ = {isa = PBXFileReference; lastKnownFileType = wrapper.xcdatamodel; path = Portable_calculator.xcdatamodel; sourceTree = "<group>"; };
		01AF349C21EA9B9C00AE0705 /* Assets.xcassets */ = {isa = PBXFileReference; lastKnownFileType = folder.assetcatalog; path = Assets.xcassets; sourceTree = "<group>"; };
		01AF349F21EA9B9C00AE0705 /* Base */ = {isa = PBXFileReference; lastKnownFileType = file.storyboard; name = Base; path = Base.lproj/LaunchScreen.storyboard; sourceTree = "<group>"; };
		01AF34A121EA9B9D00AE0705 /* Info.plist */ = {isa = PBXFileReference; lastKnownFileType = text.plist.xml; path = Info.plist; sourceTree = "<group>"; };
		01AF34A621EA9B9D00AE0705 /* Portable calculatorTests.xctest */ = {isa = PBXFileReference; explicitFileType = wrapper.cfbundle; includeInIndex = 0; path = "Portable calculatorTests.xctest"; sourceTree = BUILT_PRODUCTS_DIR; };
		01AF34AA21EA9B9D00AE0705 /* Portable_calculatorTests.swift */ = {isa = PBXFileReference; lastKnownFileType = sourcecode.swift; path = Portable_calculatorTests.swift; sourceTree = "<group>"; };
		01AF34AC21EA9B9D00AE0705 /* Info.plist */ = {isa = PBXFileReference; lastKnownFileType = text.plist.xml; path = Info.plist; sourceTree = "<group>"; };
		01AF34B121EA9B9D00AE0705 /* Portable calculatorUITests.xctest */ = {isa = PBXFileReference; explicitFileType = wrapper.cfbundle; includeInIndex = 0; path = "Portable calculatorUITests.xctest"; sourceTree = BUILT_PRODUCTS_DIR; };
		01AF34B521EA9B9D00AE0705 /* Portable_calculatorUITests.swift */ = {isa = PBXFileReference; lastKnownFileType = sourcecode.swift; path = Portable_calculatorUITests.swift; sourceTree = "<group>"; };
		01AF34B721EA9B9D00AE0705 /* Info.plist */ = {isa = PBXFileReference; lastKnownFileType = text.plist.xml; path = Info.plist; sourceTree = "<group>"; };
		01AF34C921EAA41100AE0705 /* Lato-Bold.ttf */ = {isa = PBXFileReference; lastKnownFileType = file; path = "Lato-Bold.ttf"; sourceTree = "<group>"; };
		01AF34CA21EAA41100AE0705 /* Lato-Regular.ttf */ = {isa = PBXFileReference; lastKnownFileType = file; path = "Lato-Regular.ttf"; sourceTree = "<group>"; };
		01AF34CB21EAA41100AE0705 /* Lato-Black.ttf */ = {isa = PBXFileReference; lastKnownFileType = file; path = "Lato-Black.ttf"; sourceTree = "<group>"; };
		01AF34D621EAB78C00AE0705 /* CalculationService.swift */ = {isa = PBXFileReference; fileEncoding = 4; lastKnownFileType = sourcecode.swift; path = CalculationService.swift; sourceTree = "<group>"; };
		01AF34D721EAB78C00AE0705 /* ThousandSeparator.swift */ = {isa = PBXFileReference; fileEncoding = 4; lastKnownFileType = sourcecode.swift; path = ThousandSeparator.swift; sourceTree = "<group>"; };
		01AF34D821EAB78C00AE0705 /* Material Design.swift */ = {isa = PBXFileReference; fileEncoding = 4; lastKnownFileType = sourcecode.swift; path = "Material Design.swift"; sourceTree = "<group>"; };
/* End PBXFileReference section */

/* Begin PBXFrameworksBuildPhase section */
		01AF348C21EA9B9B00AE0705 /* Frameworks */ = {
			isa = PBXFrameworksBuildPhase;
			buildActionMask = 2147483647;
			files = (
			);
			runOnlyForDeploymentPostprocessing = 0;
		};
		01AF34A321EA9B9D00AE0705 /* Frameworks */ = {
			isa = PBXFrameworksBuildPhase;
			buildActionMask = 2147483647;
			files = (
			);
			runOnlyForDeploymentPostprocessing = 0;
		};
		01AF34AE21EA9B9D00AE0705 /* Frameworks */ = {
			isa = PBXFrameworksBuildPhase;
			buildActionMask = 2147483647;
			files = (
			);
			runOnlyForDeploymentPostprocessing = 0;
		};
/* End PBXFrameworksBuildPhase section */

/* Begin PBXGroup section */
		01AF348621EA9B9B00AE0705 = {
			isa = PBXGroup;
			children = (
				01AF349121EA9B9B00AE0705 /* Portable calculator */,
				01AF34A921EA9B9D00AE0705 /* Portable calculatorTests */,
				01AF34B421EA9B9D00AE0705 /* Portable calculatorUITests */,
				01AF349021EA9B9B00AE0705 /* Products */,
			);
			sourceTree = "<group>";
		};
		01AF349021EA9B9B00AE0705 /* Products */ = {
			isa = PBXGroup;
			children = (
				01AF348F21EA9B9B00AE0705 /* Portable calculator.app */,
				01AF34A621EA9B9D00AE0705 /* Portable calculatorTests.xctest */,
				01AF34B121EA9B9D00AE0705 /* Portable calculatorUITests.xctest */,
			);
			name = Products;
			sourceTree = "<group>";
		};
		01AF349121EA9B9B00AE0705 /* Portable calculator */ = {
			isa = PBXGroup;
			children = (
				01AF34C421EA9DB200AE0705 /* UI */,
				01AF34C321EA9DA500AE0705 /* Storyboards */,
				01AF349C21EA9B9C00AE0705 /* Assets.xcassets */,
				01AF34C721EA9DDF00AE0705 /* Model */,
				01AF34C621EA9DCF00AE0705 /* Controllers */,
				01AF34C821EAA3CD00AE0705 /* Fonts */,
				01AF34DD21EABA9C00AE0705 /* Utilities */,
				01AF34C521EA9DBA00AE0705 /* Support files */,
			);
			path = "Portable calculator";
			sourceTree = "<group>";
		};
		01AF34A921EA9B9D00AE0705 /* Portable calculatorTests */ = {
			isa = PBXGroup;
			children = (
				01AF34AA21EA9B9D00AE0705 /* Portable_calculatorTests.swift */,
				01AF34AC21EA9B9D00AE0705 /* Info.plist */,
			);
			path = "Portable calculatorTests";
			sourceTree = "<group>";
		};
		01AF34B421EA9B9D00AE0705 /* Portable calculatorUITests */ = {
			isa = PBXGroup;
			children = (
				01AF34B521EA9B9D00AE0705 /* Portable_calculatorUITests.swift */,
				01AF34B721EA9B9D00AE0705 /* Info.plist */,
			);
			path = "Portable calculatorUITests";
			sourceTree = "<group>";
		};
		01AF34C321EA9DA500AE0705 /* Storyboards */ = {
			isa = PBXGroup;
			children = (
				01AF349621EA9B9B00AE0705 /* Main.storyboard */,
				01AF349E21EA9B9C00AE0705 /* LaunchScreen.storyboard */,
			);
			name = Storyboards;
			sourceTree = "<group>";
		};
		01AF34C421EA9DB200AE0705 /* UI */ = {
			isa = PBXGroup;
			children = (
				01AF34D821EAB78C00AE0705 /* Material Design.swift */,
			);
			name = UI;
			sourceTree = "<group>";
		};
		01AF34C521EA9DBA00AE0705 /* Support files */ = {
			isa = PBXGroup;
			children = (
				01AF349221EA9B9B00AE0705 /* AppDelegate.swift */,
				01AF34A121EA9B9D00AE0705 /* Info.plist */,
				01AF349921EA9B9B00AE0705 /* Portable_calculator.xcdatamodeld */,
			);
			name = "Support files";
			sourceTree = "<group>";
		};
		01AF34C621EA9DCF00AE0705 /* Controllers */ = {
			isa = PBXGroup;
			children = (
				01AF349421EA9B9B00AE0705 /* ViewController.swift */,
			);
			name = Controllers;
			sourceTree = "<group>";
		};
		01AF34C721EA9DDF00AE0705 /* Model */ = {
			isa = PBXGroup;
			children = (
			);
			name = Model;
			sourceTree = "<group>";
		};
		01AF34C821EAA3CD00AE0705 /* Fonts */ = {
			isa = PBXGroup;
			children = (
				01AF34CB21EAA41100AE0705 /* Lato-Black.ttf */,
				01AF34C921EAA41100AE0705 /* Lato-Bold.ttf */,
				01AF34CA21EAA41100AE0705 /* Lato-Regular.ttf */,
			);
			name = Fonts;
			sourceTree = "<group>";
		};
		01AF34DD21EABA9C00AE0705 /* Utilities */ = {
			isa = PBXGroup;
			children = (
				01AF34D621EAB78C00AE0705 /* CalculationService.swift */,
				01AF34D721EAB78C00AE0705 /* ThousandSeparator.swift */,
			);
			name = Utilities;
			sourceTree = "<group>";
		};
/* End PBXGroup section */

/* Begin PBXNativeTarget section */
		01AF348E21EA9B9B00AE0705 /* Portable calculator */ = {
			isa = PBXNativeTarget;
			buildConfigurationList = 01AF34BA21EA9B9D00AE0705 /* Build configuration list for PBXNativeTarget "Portable calculator" */;
			buildPhases = (
				01AF348B21EA9B9B00AE0705 /* Sources */,
				01AF348C21EA9B9B00AE0705 /* Frameworks */,
				01AF348D21EA9B9B00AE0705 /* Resources */,
			);
			buildRules = (
			);
			dependencies = (
			);
			name = "Portable calculator";
			productName = "Portable calculator";
			productReference = 01AF348F21EA9B9B00AE0705 /* Portable calculator.app */;
			productType = "com.apple.product-type.application";
		};
		01AF34A521EA9B9D00AE0705 /* Portable calculatorTests */ = {
			isa = PBXNativeTarget;
			buildConfigurationList = 01AF34BD21EA9B9D00AE0705 /* Build configuration list for PBXNativeTarget "Portable calculatorTests" */;
			buildPhases = (
				01AF34A221EA9B9D00AE0705 /* Sources */,
				01AF34A321EA9B9D00AE0705 /* Frameworks */,
				01AF34A421EA9B9D00AE0705 /* Resources */,
			);
			buildRules = (
			);
			dependencies = (
				01AF34A821EA9B9D00AE0705 /* PBXTargetDependency */,
			);
			name = "Portable calculatorTests";
			productName = "Portable calculatorTests";
			productReference = 01AF34A621EA9B9D00AE0705 /* Portable calculatorTests.xctest */;
			productType = "com.apple.product-type.bundle.unit-test";
		};
		01AF34B021EA9B9D00AE0705 /* Portable calculatorUITests */ = {
			isa = PBXNativeTarget;
			buildConfigurationList = 01AF34C021EA9B9D00AE0705 /* Build configuration list for PBXNativeTarget "Portable calculatorUITests" */;
			buildPhases = (
				01AF34AD21EA9B9D00AE0705 /* Sources */,
				01AF34AE21EA9B9D00AE0705 /* Frameworks */,
				01AF34AF21EA9B9D00AE0705 /* Resources */,
			);
			buildRules = (
			);
			dependencies = (
				01AF34B321EA9B9D00AE0705 /* PBXTargetDependency */,
			);
			name = "Portable calculatorUITests";
			productName = "Portable calculatorUITests";
			productReference = 01AF34B121EA9B9D00AE0705 /* Portable calculatorUITests.xctest */;
			productType = "com.apple.product-type.bundle.ui-testing";
		};
/* End PBXNativeTarget section */

/* Begin PBXProject section */
		01AF348721EA9B9B00AE0705 /* Project object */ = {
			isa = PBXProject;
			attributes = {
				LastSwiftUpdateCheck = 1010;
				LastUpgradeCheck = 1010;
				ORGANIZATIONNAME = "Andrii Halabuda";
				TargetAttributes = {
					01AF348E21EA9B9B00AE0705 = {
						CreatedOnToolsVersion = 10.1;
					};
					01AF34A521EA9B9D00AE0705 = {
						CreatedOnToolsVersion = 10.1;
						TestTargetID = 01AF348E21EA9B9B00AE0705;
					};
					01AF34B021EA9B9D00AE0705 = {
						CreatedOnToolsVersion = 10.1;
						TestTargetID = 01AF348E21EA9B9B00AE0705;
					};
				};
			};
			buildConfigurationList = 01AF348A21EA9B9B00AE0705 /* Build configuration list for PBXProject "Portable calculator" */;
			compatibilityVersion = "Xcode 9.3";
			developmentRegion = en;
			hasScannedForEncodings = 0;
			knownRegions = (
				en,
				Base,
			);
			mainGroup = 01AF348621EA9B9B00AE0705;
			productRefGroup = 01AF349021EA9B9B00AE0705 /* Products */;
			projectDirPath = "";
			projectRoot = "";
			targets = (
				01AF348E21EA9B9B00AE0705 /* Portable calculator */,
				01AF34A521EA9B9D00AE0705 /* Portable calculatorTests */,
				01AF34B021EA9B9D00AE0705 /* Portable calculatorUITests */,
			);
		};
/* End PBXProject section */

/* Begin PBXResourcesBuildPhase section */
		01AF348D21EA9B9B00AE0705 /* Resources */ = {
			isa = PBXResourcesBuildPhase;
			buildActionMask = 2147483647;
			files = (
				01AF34A021EA9B9C00AE0705 /* LaunchScreen.storyboard in Resources */,
				01AF349D21EA9B9C00AE0705 /* Assets.xcassets in Resources */,
				01AF34CF21EAA41100AE0705 /* Lato-Regular.ttf in Resources */,
				01AF349821EA9B9B00AE0705 /* Main.storyboard in Resources */,
				01AF34D221EAA41100AE0705 /* Lato-Black.ttf in Resources */,
				01AF34CC21EAA41100AE0705 /* Lato-Bold.ttf in Resources */,
			);
			runOnlyForDeploymentPostprocessing = 0;
		};
		01AF34A421EA9B9D00AE0705 /* Resources */ = {
			isa = PBXResourcesBuildPhase;
			buildActionMask = 2147483647;
			files = (
				01AF34CD21EAA41100AE0705 /* Lato-Bold.ttf in Resources */,
				01AF34D321EAA41100AE0705 /* Lato-Black.ttf in Resources */,
				01AF34D021EAA41100AE0705 /* Lato-Regular.ttf in Resources */,
			);
			runOnlyForDeploymentPostprocessing = 0;
		};
		01AF34AF21EA9B9D00AE0705 /* Resources */ = {
			isa = PBXResourcesBuildPhase;
			buildActionMask = 2147483647;
			files = (
				01AF34CE21EAA41100AE0705 /* Lato-Bold.ttf in Resources */,
				01AF34D421EAA41100AE0705 /* Lato-Black.ttf in Resources */,
				01AF34D121EAA41100AE0705 /* Lato-Regular.ttf in Resources */,
			);
			runOnlyForDeploymentPostprocessing = 0;
		};
/* End PBXResourcesBuildPhase section */

/* Begin PBXSourcesBuildPhase section */
		01AF348B21EA9B9B00AE0705 /* Sources */ = {
			isa = PBXSourcesBuildPhase;
			buildActionMask = 2147483647;
			files = (
				01AF349B21EA9B9B00AE0705 /* Portable_calculator.xcdatamodeld in Sources */,
				01AF349521EA9B9B00AE0705 /* ViewController.swift in Sources */,
				01AF34DB21EAB78C00AE0705 /* ThousandSeparator.swift in Sources */,
				01AF349321EA9B9B00AE0705 /* AppDelegate.swift in Sources */,
				01AF34DA21EAB78C00AE0705 /* CalculationService.swift in Sources */,
				01AF34DC21EAB78C00AE0705 /* Material Design.swift in Sources */,
			);
			runOnlyForDeploymentPostprocessing = 0;
		};
		01AF34A221EA9B9D00AE0705 /* Sources */ = {
			isa = PBXSourcesBuildPhase;
			buildActionMask = 2147483647;
			files = (
				01AF34AB21EA9B9D00AE0705 /* Portable_calculatorTests.swift in Sources */,
			);
			runOnlyForDeploymentPostprocessing = 0;
		};
		01AF34AD21EA9B9D00AE0705 /* Sources */ = {
			isa = PBXSourcesBuildPhase;
			buildActionMask = 2147483647;
			files = (
				01AF34B621EA9B9D00AE0705 /* Portable_calculatorUITests.swift in Sources */,
			);
			runOnlyForDeploymentPostprocessing = 0;
		};
/* End PBXSourcesBuildPhase section */

/* Begin PBXTargetDependency section */
		01AF34A821EA9B9D00AE0705 /* PBXTargetDependency */ = {
			isa = PBXTargetDependency;
			target = 01AF348E21EA9B9B00AE0705 /* Portable calculator */;
			targetProxy = 01AF34A721EA9B9D00AE0705 /* PBXContainerItemProxy */;
		};
		01AF34B321EA9B9D00AE0705 /* PBXTargetDependency */ = {
			isa = PBXTargetDependency;
			target = 01AF348E21EA9B9B00AE0705 /* Portable calculator */;
			targetProxy = 01AF34B221EA9B9D00AE0705 /* PBXContainerItemProxy */;
		};
/* End PBXTargetDependency section */

/* Begin PBXVariantGroup section */
		01AF349621EA9B9B00AE0705 /* Main.storyboard */ = {
			isa = PBXVariantGroup;
			children = (
				01AF349721EA9B9B00AE0705 /* Base */,
			);
			name = Main.storyboard;
			sourceTree = "<group>";
		};
		01AF349E21EA9B9C00AE0705 /* LaunchScreen.storyboard */ = {
			isa = PBXVariantGroup;
			children = (
				01AF349F21EA9B9C00AE0705 /* Base */,
			);
			name = LaunchScreen.storyboard;
			sourceTree = "<group>";
		};
/* End PBXVariantGroup section */

/* Begin XCBuildConfiguration section */
		01AF34B821EA9B9D00AE0705 /* Debug */ = {
			isa = XCBuildConfiguration;
			buildSettings = {
				ALWAYS_SEARCH_USER_PATHS = NO;
				CLANG_ANALYZER_NONNULL = YES;
				CLANG_ANALYZER_NUMBER_OBJECT_CONVERSION = YES_AGGRESSIVE;
				CLANG_CXX_LANGUAGE_STANDARD = "gnu++14";
				CLANG_CXX_LIBRARY = "libc++";
				CLANG_ENABLE_MODULES = YES;
				CLANG_ENABLE_OBJC_ARC = YES;
				CLANG_ENABLE_OBJC_WEAK = YES;
				CLANG_WARN_BLOCK_CAPTURE_AUTORELEASING = YES;
				CLANG_WARN_BOOL_CONVERSION = YES;
				CLANG_WARN_COMMA = YES;
				CLANG_WARN_CONSTANT_CONVERSION = YES;
				CLANG_WARN_DEPRECATED_OBJC_IMPLEMENTATIONS = YES;
				CLANG_WARN_DIRECT_OBJC_ISA_USAGE = YES_ERROR;
				CLANG_WARN_DOCUMENTATION_COMMENTS = YES;
				CLANG_WARN_EMPTY_BODY = YES;
				CLANG_WARN_ENUM_CONVERSION = YES;
				CLANG_WARN_INFINITE_RECURSION = YES;
				CLANG_WARN_INT_CONVERSION = YES;
				CLANG_WARN_NON_LITERAL_NULL_CONVERSION = YES;
				CLANG_WARN_OBJC_IMPLICIT_RETAIN_SELF = YES;
				CLANG_WARN_OBJC_LITERAL_CONVERSION = YES;
				CLANG_WARN_OBJC_ROOT_CLASS = YES_ERROR;
				CLANG_WARN_RANGE_LOOP_ANALYSIS = YES;
				CLANG_WARN_STRICT_PROTOTYPES = YES;
				CLANG_WARN_SUSPICIOUS_MOVE = YES;
				CLANG_WARN_UNGUARDED_AVAILABILITY = YES_AGGRESSIVE;
				CLANG_WARN_UNREACHABLE_CODE = YES;
				CLANG_WARN__DUPLICATE_METHOD_MATCH = YES;
				CODE_SIGN_IDENTITY = "iPhone Developer";
				COPY_PHASE_STRIP = NO;
				DEBUG_INFORMATION_FORMAT = dwarf;
				ENABLE_STRICT_OBJC_MSGSEND = YES;
				ENABLE_TESTABILITY = YES;
				GCC_C_LANGUAGE_STANDARD = gnu11;
				GCC_DYNAMIC_NO_PIC = NO;
				GCC_NO_COMMON_BLOCKS = YES;
				GCC_OPTIMIZATION_LEVEL = 0;
				GCC_PREPROCESSOR_DEFINITIONS = (
					"DEBUG=1",
					"$(inherited)",
				);
				GCC_WARN_64_TO_32_BIT_CONVERSION = YES;
				GCC_WARN_ABOUT_RETURN_TYPE = YES_ERROR;
				GCC_WARN_UNDECLARED_SELECTOR = YES;
				GCC_WARN_UNINITIALIZED_AUTOS = YES_AGGRESSIVE;
				GCC_WARN_UNUSED_FUNCTION = YES;
				GCC_WARN_UNUSED_VARIABLE = YES;
				IPHONEOS_DEPLOYMENT_TARGET = 12.1;
				MTL_ENABLE_DEBUG_INFO = INCLUDE_SOURCE;
				MTL_FAST_MATH = YES;
				ONLY_ACTIVE_ARCH = YES;
				SDKROOT = iphoneos;
				SWIFT_ACTIVE_COMPILATION_CONDITIONS = DEBUG;
				SWIFT_OPTIMIZATION_LEVEL = "-Onone";
			};
			name = Debug;
		};
		01AF34B921EA9B9D00AE0705 /* Release */ = {
			isa = XCBuildConfiguration;
			buildSettings = {
				ALWAYS_SEARCH_USER_PATHS = NO;
				CLANG_ANALYZER_NONNULL = YES;
				CLANG_ANALYZER_NUMBER_OBJECT_CONVERSION = YES_AGGRESSIVE;
				CLANG_CXX_LANGUAGE_STANDARD = "gnu++14";
				CLANG_CXX_LIBRARY = "libc++";
				CLANG_ENABLE_MODULES = YES;
				CLANG_ENABLE_OBJC_ARC = YES;
				CLANG_ENABLE_OBJC_WEAK = YES;
				CLANG_WARN_BLOCK_CAPTURE_AUTORELEASING = YES;
				CLANG_WARN_BOOL_CONVERSION = YES;
				CLANG_WARN_COMMA = YES;
				CLANG_WARN_CONSTANT_CONVERSION = YES;
				CLANG_WARN_DEPRECATED_OBJC_IMPLEMENTATIONS = YES;
				CLANG_WARN_DIRECT_OBJC_ISA_USAGE = YES_ERROR;
				CLANG_WARN_DOCUMENTATION_COMMENTS = YES;
				CLANG_WARN_EMPTY_BODY = YES;
				CLANG_WARN_ENUM_CONVERSION = YES;
				CLANG_WARN_INFINITE_RECURSION = YES;
				CLANG_WARN_INT_CONVERSION = YES;
				CLANG_WARN_NON_LITERAL_NULL_CONVERSION = YES;
				CLANG_WARN_OBJC_IMPLICIT_RETAIN_SELF = YES;
				CLANG_WARN_OBJC_LITERAL_CONVERSION = YES;
				CLANG_WARN_OBJC_ROOT_CLASS = YES_ERROR;
				CLANG_WARN_RANGE_LOOP_ANALYSIS = YES;
				CLANG_WARN_STRICT_PROTOTYPES = YES;
				CLANG_WARN_SUSPICIOUS_MOVE = YES;
				CLANG_WARN_UNGUARDED_AVAILABILITY = YES_AGGRESSIVE;
				CLANG_WARN_UNREACHABLE_CODE = YES;
				CLANG_WARN__DUPLICATE_METHOD_MATCH = YES;
				CODE_SIGN_IDENTITY = "iPhone Developer";
				COPY_PHASE_STRIP = NO;
				DEBUG_INFORMATION_FORMAT = "dwarf-with-dsym";
				ENABLE_NS_ASSERTIONS = NO;
				ENABLE_STRICT_OBJC_MSGSEND = YES;
				GCC_C_LANGUAGE_STANDARD = gnu11;
				GCC_NO_COMMON_BLOCKS = YES;
				GCC_WARN_64_TO_32_BIT_CONVERSION = YES;
				GCC_WARN_ABOUT_RETURN_TYPE = YES_ERROR;
				GCC_WARN_UNDECLARED_SELECTOR = YES;
				GCC_WARN_UNINITIALIZED_AUTOS = YES_AGGRESSIVE;
				GCC_WARN_UNUSED_FUNCTION = YES;
				GCC_WARN_UNUSED_VARIABLE = YES;
				IPHONEOS_DEPLOYMENT_TARGET = 12.1;
				MTL_ENABLE_DEBUG_INFO = NO;
				MTL_FAST_MATH = YES;
				SDKROOT = iphoneos;
				SWIFT_COMPILATION_MODE = wholemodule;
				SWIFT_OPTIMIZATION_LEVEL = "-O";
				VALIDATE_PRODUCT = YES;
			};
			name = Release;
		};
		01AF34BB21EA9B9D00AE0705 /* Debug */ = {
			isa = XCBuildConfiguration;
			buildSettings = {
				ASSETCATALOG_COMPILER_APPICON_NAME = AppIcon;
				CODE_SIGN_STYLE = Automatic;
				DEVELOPMENT_TEAM = PTRW36GG78;
				INFOPLIST_FILE = "Portable calculator/Info.plist";
				IPHONEOS_DEPLOYMENT_TARGET = 10.0;
				LD_RUNPATH_SEARCH_PATHS = (
					"$(inherited)",
					"@executable_path/Frameworks",
				);
				PRODUCT_BUNDLE_IDENTIFIER = "com.losAngelesBoy.Portable-calculator";
				PRODUCT_NAME = "$(TARGET_NAME)";
				SWIFT_VERSION = 4.2;
				TARGETED_DEVICE_FAMILY = "1,2";
			};
			name = Debug;
		};
		01AF34BC21EA9B9D00AE0705 /* Release */ = {
			isa = XCBuildConfiguration;
			buildSettings = {
				ASSETCATALOG_COMPILER_APPICON_NAME = AppIcon;
				CODE_SIGN_STYLE = Automatic;
				DEVELOPMENT_TEAM = PTRW36GG78;
				INFOPLIST_FILE = "Portable calculator/Info.plist";
				IPHONEOS_DEPLOYMENT_TARGET = 10.0;
				LD_RUNPATH_SEARCH_PATHS = (
					"$(inherited)",
					"@executable_path/Frameworks",
				);
				PRODUCT_BUNDLE_IDENTIFIER = "com.losAngelesBoy.Portable-calculator";
				PRODUCT_NAME = "$(TARGET_NAME)";
				SWIFT_VERSION = 4.2;
				TARGETED_DEVICE_FAMILY = "1,2";
			};
			name = Release;
		};
		01AF34BE21EA9B9D00AE0705 /* Debug */ = {
			isa = XCBuildConfiguration;
			buildSettings = {
				ALWAYS_EMBED_SWIFT_STANDARD_LIBRARIES = YES;
				BUNDLE_LOADER = "$(TEST_HOST)";
				CODE_SIGN_STYLE = Automatic;
				DEVELOPMENT_TEAM = PTRW36GG78;
				INFOPLIST_FILE = "Portable calculatorTests/Info.plist";
				LD_RUNPATH_SEARCH_PATHS = (
					"$(inherited)",
					"@executable_path/Frameworks",
					"@loader_path/Frameworks",
				);
				PRODUCT_BUNDLE_IDENTIFIER = "com.losAngelesBoy.Portable-calculatorTests";
				PRODUCT_NAME = "$(TARGET_NAME)";
				SWIFT_VERSION = 4.2;
				TARGETED_DEVICE_FAMILY = "1,2";
				TEST_HOST = "$(BUILT_PRODUCTS_DIR)/Portable calculator.app/Portable calculator";
			};
			name = Debug;
		};
		01AF34BF21EA9B9D00AE0705 /* Release */ = {
			isa = XCBuildConfiguration;
			buildSettings = {
				ALWAYS_EMBED_SWIFT_STANDARD_LIBRARIES = YES;
				BUNDLE_LOADER = "$(TEST_HOST)";
				CODE_SIGN_STYLE = Automatic;
				DEVELOPMENT_TEAM = PTRW36GG78;
				INFOPLIST_FILE = "Portable calculatorTests/Info.plist";
				LD_RUNPATH_SEARCH_PATHS = (
					"$(inherited)",
					"@executable_path/Frameworks",
					"@loader_path/Frameworks",
				);
				PRODUCT_BUNDLE_IDENTIFIER = "com.losAngelesBoy.Portable-calculatorTests";
				PRODUCT_NAME = "$(TARGET_NAME)";
				SWIFT_VERSION = 4.2;
				TARGETED_DEVICE_FAMILY = "1,2";
				TEST_HOST = "$(BUILT_PRODUCTS_DIR)/Portable calculator.app/Portable calculator";
			};
			name = Release;
		};
		01AF34C121EA9B9D00AE0705 /* Debug */ = {
			isa = XCBuildConfiguration;
			buildSettings = {
				ALWAYS_EMBED_SWIFT_STANDARD_LIBRARIES = YES;
				CODE_SIGN_STYLE = Automatic;
				DEVELOPMENT_TEAM = PTRW36GG78;
				INFOPLIST_FILE = "Portable calculatorUITests/Info.plist";
				LD_RUNPATH_SEARCH_PATHS = (
					"$(inherited)",
					"@executable_path/Frameworks",
					"@loader_path/Frameworks",
				);
				PRODUCT_BUNDLE_IDENTIFIER = "com.losAngelesBoy.Portable-calculatorUITests";
				PRODUCT_NAME = "$(TARGET_NAME)";
				SWIFT_VERSION = 4.2;
				TARGETED_DEVICE_FAMILY = "1,2";
				TEST_TARGET_NAME = "Portable calculator";
			};
			name = Debug;
		};
		01AF34C221EA9B9D00AE0705 /* Release */ = {
			isa = XCBuildConfiguration;
			buildSettings = {
				ALWAYS_EMBED_SWIFT_STANDARD_LIBRARIES = YES;
				CODE_SIGN_STYLE = Automatic;
				DEVELOPMENT_TEAM = PTRW36GG78;
				INFOPLIST_FILE = "Portable calculatorUITests/Info.plist";
				LD_RUNPATH_SEARCH_PATHS = (
					"$(inherited)",
					"@executable_path/Frameworks",
					"@loader_path/Frameworks",
				);
				PRODUCT_BUNDLE_IDENTIFIER = "com.losAngelesBoy.Portable-calculatorUITests";
				PRODUCT_NAME = "$(TARGET_NAME)";
				SWIFT_VERSION = 4.2;
				TARGETED_DEVICE_FAMILY = "1,2";
				TEST_TARGET_NAME = "Portable calculator";
			};
			name = Release;
		};
/* End XCBuildConfiguration section */

/* Begin XCConfigurationList section */
		01AF348A21EA9B9B00AE0705 /* Build configuration list for PBXProject "Portable calculator" */ = {
			isa = XCConfigurationList;
			buildConfigurations = (
				01AF34B821EA9B9D00AE0705 /* Debug */,
				01AF34B921EA9B9D00AE0705 /* Release */,
			);
			defaultConfigurationIsVisible = 0;
			defaultConfigurationName = Release;
		};
		01AF34BA21EA9B9D00AE0705 /* Build configuration list for PBXNativeTarget "Portable calculator" */ = {
			isa = XCConfigurationList;
			buildConfigurations = (
				01AF34BB21EA9B9D00AE0705 /* Debug */,
				01AF34BC21EA9B9D00AE0705 /* Release */,
			);
			defaultConfigurationIsVisible = 0;
			defaultConfigurationName = Release;
		};
		01AF34BD21EA9B9D00AE0705 /* Build configuration list for PBXNativeTarget "Portable calculatorTests" */ = {
			isa = XCConfigurationList;
			buildConfigurations = (
				01AF34BE21EA9B9D00AE0705 /* Debug */,
				01AF34BF21EA9B9D00AE0705 /* Release */,
			);
			defaultConfigurationIsVisible = 0;
			defaultConfigurationName = Release;
		};
		01AF34C021EA9B9D00AE0705 /* Build configuration list for PBXNativeTarget "Portable calculatorUITests" */ = {
			isa = XCConfigurationList;
			buildConfigurations = (
				01AF34C121EA9B9D00AE0705 /* Debug */,
				01AF34C221EA9B9D00AE0705 /* Release */,
			);
			defaultConfigurationIsVisible = 0;
			defaultConfigurationName = Release;
		};
/* End XCConfigurationList section */

/* Begin XCVersionGroup section */
		01AF349921EA9B9B00AE0705 /* Portable_calculator.xcdatamodeld */ = {
			isa = XCVersionGroup;
			children = (
				01AF349A21EA9B9B00AE0705 /* Portable_calculator.xcdatamodel */,
			);
			currentVersion = 01AF349A21EA9B9B00AE0705 /* Portable_calculator.xcdatamodel */;
			path = Portable_calculator.xcdatamodeld;
			sourceTree = "<group>";
			versionGroupType = wrapper.xcdatamodel;
		};
/* End XCVersionGroup section */
	};
	rootObject = 01AF348721EA9B9B00AE0705 /* Project object */;
}
